
Microsoft Visual Studio Solution File, Format Version 12.00
# Visual Studio Version 16
VisualStudioVersion = 16.0.30621.155
MinimumVisualStudioVersion = 10.0.40219.1
Project("{FAE04EC0-301F-11D3-BF4B-00C04F79EFBC}") = "AED SEGUNDA LISTA", "AED SEGUNDA LISTA\AED SEGUNDA LISTA.csproj", "{EA3802D4-203B-4860-B80B-4A4E71276D8B}"
EndProject
Global
	GlobalSection(SolutionConfigurationPlatforms) = preSolution
		Debug|Any CPU = Debug|Any CPU
		Release|Any CPU = Release|Any CPU
	EndGlobalSection
	GlobalSection(ProjectConfigurationPlatforms) = postSolution
		{EA3802D4-203B-4860-B80B-4A4E71276D8B}.Debug|Any CPU.ActiveCfg = Debug|Any CPU
		{EA3802D4-203B-4860-B80B-4A4E71276D8B}.Debug|Any CPU.Build.0 = Debug|Any CPU
		{EA3802D4-203B-4860-B80B-4A4E71276D8B}.Release|Any CPU.ActiveCfg = Release|Any CPU
		{EA3802D4-203B-4860-B80B-4A4E71276D8B}.Release|Any CPU.Build.0 = Release|Any CPU
	EndGlobalSection
	GlobalSection(SolutionProperties) = preSolution
		HideSolutionNode = FALSE
	EndGlobalSection
	GlobalSection(ExtensibilityGlobals) = postSolution
		SolutionGuid = {6A348C86-5B75-4B12-9DFF-A2CA1384C0E2}
	EndGlobalSection
EndGlobal
